
Microsoft Visual Studio Solution File, Format Version 12.00
# Visual Studio 15
VisualStudioVersion = 15.0.26430.6
MinimumVisualStudioVersion = 10.0.40219.1
Project("{8BC9CEB8-8B4A-11D0-8D11-00A0C91BC942}") = "cake", ".\engine\cake.vcxproj", "{8339F308-3E42-4C14-964C-0BAB80308DCE}"
EndProject
Project("{8BC9CEB8-8B4A-11D0-8D11-00A0C91BC942}") = "game", ".\game\game.vcxproj", "{FAB5DB4E-7648-4A35-BD30-1AB1052F8602}"
EndProject
Global
	GlobalSection(SolutionConfigurationPlatforms) = preSolution
		Debug|Win32 = Debug|Win32
		Release|Win32 = Release|Win32
	EndGlobalSection
	GlobalSection(ProjectConfigurationPlatforms) = postSolution
		{8339F308-3E42-4C14-964C-0BAB80308DCE}.Debug|Win32.ActiveCfg = Debug|Win32
		{8339F308-3E42-4C14-964C-0BAB80308DCE}.Debug|Win32.Build.0 = Debug|Win32
		{8339F308-3E42-4C14-964C-0BAB80308DCE}.Release|Win32.ActiveCfg = Release|Win32
		{8339F308-3E42-4C14-964C-0BAB80308DCE}.Release|Win32.Build.0 = Release|Win32
		{FAB5DB4E-7648-4A35-BD30-1AB1052F8602}.Debug|Win32.ActiveCfg = Debug|Win32
		{FAB5DB4E-7648-4A35-BD30-1AB1052F8602}.Debug|Win32.Build.0 = Debug|Win32
		{FAB5DB4E-7648-4A35-BD30-1AB1052F8602}.Release|Win32.ActiveCfg = Release|Win32
		{FAB5DB4E-7648-4A35-BD30-1AB1052F8602}.Release|Win32.Build.0 = Release|Win32
	EndGlobalSection
	GlobalSection(SolutionProperties) = preSolution
		HideSolutionNode = FALSE
	EndGlobalSection
EndGlobal
